
Microsoft Visual Studio Solution File, Format Version 11.00
# Visual Studio 2010
Project("{FAE04EC0-301F-11D3-BF4B-00C04F79EFBC}") = "Common.Xamarin.iOS", "Common\Common.Xamarin.iOS.csproj", "{CDFDC3D8-1B28-4CA5-930A-7E0B10EB25D5}"
EndProject
Project("{FAE04EC0-301F-11D3-BF4B-00C04F79EFBC}") = "Core.Xamarin.iOS", "Core\Core.Xamarin.iOS.csproj", "{B2B4BEA9-CBA4-4153-9340-38E31D044004}"
EndProject
Project("{FAE04EC0-301F-11D3-BF4B-00C04F79EFBC}") = "Protocol.Xamarin.iOS", "Protocol\Protocol.Xamarin.iOS.csproj", "{31AB87D7-5731-4EA9-9B45-F15F407A76E6}"
EndProject
Project("{FAE04EC0-301F-11D3-BF4B-00C04F79EFBC}") = "Proxy.Xamarin.iOS", "Proxy\Proxy.Xamarin.iOS.csproj", "{59AC27C0-2E38-454B-A43F-B65A719F32B3}"
EndProject
Global
	GlobalSection(SolutionConfigurationPlatforms) = preSolution
		Debug|Any CPU = Debug|Any CPU
		Release|Any CPU = Release|Any CPU
	EndGlobalSection
	GlobalSection(ProjectConfigurationPlatforms) = postSolution
		{CDFDC3D8-1B28-4CA5-930A-7E0B10EB25D5}.Debug|Any CPU.ActiveCfg = Debug|Any CPU
		{CDFDC3D8-1B28-4CA5-930A-7E0B10EB25D5}.Debug|Any CPU.Build.0 = Debug|Any CPU
		{CDFDC3D8-1B28-4CA5-930A-7E0B10EB25D5}.Release|Any CPU.ActiveCfg = Release|Any CPU
		{CDFDC3D8-1B28-4CA5-930A-7E0B10EB25D5}.Release|Any CPU.Build.0 = Release|Any CPU
		{B2B4BEA9-CBA4-4153-9340-38E31D044004}.Debug|Any CPU.ActiveCfg = Debug|Any CPU
		{B2B4BEA9-CBA4-4153-9340-38E31D044004}.Debug|Any CPU.Build.0 = Debug|Any CPU
		{B2B4BEA9-CBA4-4153-9340-38E31D044004}.Release|Any CPU.ActiveCfg = Release|Any CPU
		{B2B4BEA9-CBA4-4153-9340-38E31D044004}.Release|Any CPU.Build.0 = Release|Any CPU
		{31AB87D7-5731-4EA9-9B45-F15F407A76E6}.Debug|Any CPU.ActiveCfg = Debug|Any CPU
		{31AB87D7-5731-4EA9-9B45-F15F407A76E6}.Debug|Any CPU.Build.0 = Debug|Any CPU
		{31AB87D7-5731-4EA9-9B45-F15F407A76E6}.Release|Any CPU.ActiveCfg = Release|Any CPU
		{31AB87D7-5731-4EA9-9B45-F15F407A76E6}.Release|Any CPU.Build.0 = Release|Any CPU
		{59AC27C0-2E38-454B-A43F-B65A719F32B3}.Debug|Any CPU.ActiveCfg = Debug|Any CPU
		{59AC27C0-2E38-454B-A43F-B65A719F32B3}.Debug|Any CPU.Build.0 = Debug|Any CPU
		{59AC27C0-2E38-454B-A43F-B65A719F32B3}.Release|Any CPU.ActiveCfg = Release|Any CPU
		{59AC27C0-2E38-454B-A43F-B65A719F32B3}.Release|Any CPU.Build.0 = Release|Any CPU
	EndGlobalSection
	GlobalSection(SolutionProperties) = preSolution
		HideSolutionNode = FALSE
	EndGlobalSection
	GlobalSection(MonoDevelopProperties) = preSolution
		StartupItem = Core\Core.MonoDroid.csproj
	EndGlobalSection
EndGlobal
